// !$*UTF8*$!
{
	archiveVersion = 1;
	classes = {
	};
	objectVersion = 48;
	objects = {

/* Begin PBXBuildFile section */
		2B33012E20571EF40014C8AE /* MapOverlayViewController.swift in Sources */ = {isa = PBXBuildFile; fileRef = 2B33012D20571EF40014C8AE /* MapOverlayViewController.swift */; };
		2B330130205722460014C8AE /* ImageOverlay.swift in Sources */ = {isa = PBXBuildFile; fileRef = 2B33012F205722460014C8AE /* ImageOverlay.swift */; };
		2B6152602056F3A3004780C5 /* AppDelegate.swift in Sources */ = {isa = PBXBuildFile; fileRef = 2B61525F2056F3A2004780C5 /* AppDelegate.swift */; };
		2B6152622056F3A3004780C5 /* ViewController.swift in Sources */ = {isa = PBXBuildFile; fileRef = 2B6152612056F3A3004780C5 /* ViewController.swift */; };
		2B6152652056F3A3004780C5 /* Main.storyboard in Resources */ = {isa = PBXBuildFile; fileRef = 2B6152632056F3A3004780C5 /* Main.storyboard */; };
		2B6152672056F3A4004780C5 /* Assets.xcassets in Resources */ = {isa = PBXBuildFile; fileRef = 2B6152662056F3A4004780C5 /* Assets.xcassets */; };
		2B61526A2056F3A4004780C5 /* LaunchScreen.storyboard in Resources */ = {isa = PBXBuildFile; fileRef = 2B6152682056F3A4004780C5 /* LaunchScreen.storyboard */; };
		2B6152752056F3A6004780C5 /* WalkrTests.swift in Sources */ = {isa = PBXBuildFile; fileRef = 2B6152742056F3A6004780C5 /* WalkrTests.swift */; };
		2B6152802056F3A6004780C5 /* WalkrUITests.swift in Sources */ = {isa = PBXBuildFile; fileRef = 2B61527F2056F3A6004780C5 /* WalkrUITests.swift */; };
		7315A5A49DD7BEE75F76ED05 /* Pods_WalkrUITests.framework in Frameworks */ = {isa = PBXBuildFile; fileRef = D304F0AB3DC0806FB997DC54 /* Pods_WalkrUITests.framework */; };
		A85547E6AD79C3E205B46CB1 /* Pods_Walkr.framework in Frameworks */ = {isa = PBXBuildFile; fileRef = 9DD15016778BA63BA3BA40B8 /* Pods_Walkr.framework */; };
		DAD5EC0452373B01032AB5C8 /* Pods_WalkrTests.framework in Frameworks */ = {isa = PBXBuildFile; fileRef = 4C0604FF88A12D759107574F /* Pods_WalkrTests.framework */; };
/* End PBXBuildFile section */

/* Begin PBXContainerItemProxy section */
		2B6152712056F3A5004780C5 /* PBXContainerItemProxy */ = {
			isa = PBXContainerItemProxy;
			containerPortal = 2B6152542056F39D004780C5 /* Project object */;
			proxyType = 1;
			remoteGlobalIDString = 2B61525B2056F39E004780C5;
			remoteInfo = Walkr;
		};
		2B61527C2056F3A6004780C5 /* PBXContainerItemProxy */ = {
			isa = PBXContainerItemProxy;
			containerPortal = 2B6152542056F39D004780C5 /* Project object */;
			proxyType = 1;
			remoteGlobalIDString = 2B61525B2056F39E004780C5;
			remoteInfo = Walkr;
		};
/* End PBXContainerItemProxy section */

/* Begin PBXFileReference section */
		2B33012D20571EF40014C8AE /* MapOverlayViewController.swift */ = {isa = PBXFileReference; lastKnownFileType = sourcecode.swift; path = MapOverlayViewController.swift; sourceTree = "<group>"; };
		2B33012F205722460014C8AE /* ImageOverlay.swift */ = {isa = PBXFileReference; lastKnownFileType = sourcecode.swift; path = ImageOverlay.swift; sourceTree = "<group>"; };
		2B61525C2056F39F004780C5 /* Walkr.app */ = {isa = PBXFileReference; explicitFileType = wrapper.application; includeInIndex = 0; path = Walkr.app; sourceTree = BUILT_PRODUCTS_DIR; };
		2B61525F2056F3A2004780C5 /* AppDelegate.swift */ = {isa = PBXFileReference; lastKnownFileType = sourcecode.swift; path = AppDelegate.swift; sourceTree = "<group>"; };
		2B6152612056F3A3004780C5 /* ViewController.swift */ = {isa = PBXFileReference; lastKnownFileType = sourcecode.swift; path = ViewController.swift; sourceTree = "<group>"; };
		2B6152642056F3A3004780C5 /* Base */ = {isa = PBXFileReference; lastKnownFileType = file.storyboard; name = Base; path = Base.lproj/Main.storyboard; sourceTree = "<group>"; };
		2B6152662056F3A4004780C5 /* Assets.xcassets */ = {isa = PBXFileReference; lastKnownFileType = folder.assetcatalog; path = Assets.xcassets; sourceTree = "<group>"; };
		2B6152692056F3A4004780C5 /* Base */ = {isa = PBXFileReference; lastKnownFileType = file.storyboard; name = Base; path = Base.lproj/LaunchScreen.storyboard; sourceTree = "<group>"; };
		2B61526B2056F3A5004780C5 /* Info.plist */ = {isa = PBXFileReference; lastKnownFileType = text.plist.xml; path = Info.plist; sourceTree = "<group>"; };
		2B6152702056F3A5004780C5 /* WalkrTests.xctest */ = {isa = PBXFileReference; explicitFileType = wrapper.cfbundle; includeInIndex = 0; path = WalkrTests.xctest; sourceTree = BUILT_PRODUCTS_DIR; };
		2B6152742056F3A6004780C5 /* WalkrTests.swift */ = {isa = PBXFileReference; lastKnownFileType = sourcecode.swift; path = WalkrTests.swift; sourceTree = "<group>"; };
		2B6152762056F3A6004780C5 /* Info.plist */ = {isa = PBXFileReference; lastKnownFileType = text.plist.xml; path = Info.plist; sourceTree = "<group>"; };
		2B61527B2056F3A6004780C5 /* WalkrUITests.xctest */ = {isa = PBXFileReference; explicitFileType = wrapper.cfbundle; includeInIndex = 0; path = WalkrUITests.xctest; sourceTree = BUILT_PRODUCTS_DIR; };
		2B61527F2056F3A6004780C5 /* WalkrUITests.swift */ = {isa = PBXFileReference; lastKnownFileType = sourcecode.swift; path = WalkrUITests.swift; sourceTree = "<group>"; };
		2B6152812056F3A6004780C5 /* Info.plist */ = {isa = PBXFileReference; lastKnownFileType = text.plist.xml; path = Info.plist; sourceTree = "<group>"; };
		431004E0DE9510D4AD99FFE1 /* Pods-WalkrTests.release.xcconfig */ = {isa = PBXFileReference; includeInIndex = 1; lastKnownFileType = text.xcconfig; name = "Pods-WalkrTests.release.xcconfig"; path = "Pods/Target Support Files/Pods-WalkrTests/Pods-WalkrTests.release.xcconfig"; sourceTree = "<group>"; };
		4AC0AD21F32CBC4F62C33E88 /* Pods-WalkrUITests.release.xcconfig */ = {isa = PBXFileReference; includeInIndex = 1; lastKnownFileType = text.xcconfig; name = "Pods-WalkrUITests.release.xcconfig"; path = "Pods/Target Support Files/Pods-WalkrUITests/Pods-WalkrUITests.release.xcconfig"; sourceTree = "<group>"; };
		4C0604FF88A12D759107574F /* Pods_WalkrTests.framework */ = {isa = PBXFileReference; explicitFileType = wrapper.framework; includeInIndex = 0; path = Pods_WalkrTests.framework; sourceTree = BUILT_PRODUCTS_DIR; };
		614269BF53C2270E5B6FDF91 /* Pods-Walkr.release.xcconfig */ = {isa = PBXFileReference; includeInIndex = 1; lastKnownFileType = text.xcconfig; name = "Pods-Walkr.release.xcconfig"; path = "Pods/Target Support Files/Pods-Walkr/Pods-Walkr.release.xcconfig"; sourceTree = "<group>"; };
		7F38C07AF7E87C4D9752B3A0 /* Pods-Walkr.debug.xcconfig */ = {isa = PBXFileReference; includeInIndex = 1; lastKnownFileType = text.xcconfig; name = "Pods-Walkr.debug.xcconfig"; path = "Pods/Target Support Files/Pods-Walkr/Pods-Walkr.debug.xcconfig"; sourceTree = "<group>"; };
		9DD15016778BA63BA3BA40B8 /* Pods_Walkr.framework */ = {isa = PBXFileReference; explicitFileType = wrapper.framework; includeInIndex = 0; path = Pods_Walkr.framework; sourceTree = BUILT_PRODUCTS_DIR; };
		C166B18D527A01A405434AEF /* Pods-WalkrUITests.debug.xcconfig */ = {isa = PBXFileReference; includeInIndex = 1; lastKnownFileType = text.xcconfig; name = "Pods-WalkrUITests.debug.xcconfig"; path = "Pods/Target Support Files/Pods-WalkrUITests/Pods-WalkrUITests.debug.xcconfig"; sourceTree = "<group>"; };
		D304F0AB3DC0806FB997DC54 /* Pods_WalkrUITests.framework */ = {isa = PBXFileReference; explicitFileType = wrapper.framework; includeInIndex = 0; path = Pods_WalkrUITests.framework; sourceTree = BUILT_PRODUCTS_DIR; };
		DE45B6739AEBEC942F67BDD2 /* Pods-WalkrTests.debug.xcconfig */ = {isa = PBXFileReference; includeInIndex = 1; lastKnownFileType = text.xcconfig; name = "Pods-WalkrTests.debug.xcconfig"; path = "Pods/Target Support Files/Pods-WalkrTests/Pods-WalkrTests.debug.xcconfig"; sourceTree = "<group>"; };
/* End PBXFileReference section */

/* Begin PBXFrameworksBuildPhase section */
		2B6152592056F39E004780C5 /* Frameworks */ = {
			isa = PBXFrameworksBuildPhase;
			buildActionMask = 2147483647;
			files = (
				A85547E6AD79C3E205B46CB1 /* Pods_Walkr.framework in Frameworks */,
			);
			runOnlyForDeploymentPostprocessing = 0;
		};
		2B61526D2056F3A5004780C5 /* Frameworks */ = {
			isa = PBXFrameworksBuildPhase;
			buildActionMask = 2147483647;
			files = (
				DAD5EC0452373B01032AB5C8 /* Pods_WalkrTests.framework in Frameworks */,
			);
			runOnlyForDeploymentPostprocessing = 0;
		};
		2B6152782056F3A6004780C5 /* Frameworks */ = {
			isa = PBXFrameworksBuildPhase;
			buildActionMask = 2147483647;
			files = (
				7315A5A49DD7BEE75F76ED05 /* Pods_WalkrUITests.framework in Frameworks */,
			);
			runOnlyForDeploymentPostprocessing = 0;
		};
/* End PBXFrameworksBuildPhase section */

/* Begin PBXGroup section */
		16625A5FFA0FD76E580EE31D /* Frameworks */ = {
			isa = PBXGroup;
			children = (
				9DD15016778BA63BA3BA40B8 /* Pods_Walkr.framework */,
				4C0604FF88A12D759107574F /* Pods_WalkrTests.framework */,
				D304F0AB3DC0806FB997DC54 /* Pods_WalkrUITests.framework */,
			);
			name = Frameworks;
			sourceTree = "<group>";
		};
		2B6152532056F39C004780C5 = {
			isa = PBXGroup;
			children = (
				2B61525E2056F39F004780C5 /* Walkr */,
				2B6152732056F3A5004780C5 /* WalkrTests */,
				2B61527E2056F3A6004780C5 /* WalkrUITests */,
				2B61525D2056F39F004780C5 /* Products */,
				80F001BC1919A19A53953A03 /* Pods */,
				16625A5FFA0FD76E580EE31D /* Frameworks */,
			);
			sourceTree = "<group>";
		};
		2B61525D2056F39F004780C5 /* Products */ = {
			isa = PBXGroup;
			children = (
				2B61525C2056F39F004780C5 /* Walkr.app */,
				2B6152702056F3A5004780C5 /* WalkrTests.xctest */,
				2B61527B2056F3A6004780C5 /* WalkrUITests.xctest */,
			);
			name = Products;
			sourceTree = "<group>";
		};
		2B61525E2056F39F004780C5 /* Walkr */ = {
			isa = PBXGroup;
			children = (
				2B61525F2056F3A2004780C5 /* AppDelegate.swift */,
				2B6152612056F3A3004780C5 /* ViewController.swift */,
				2B6152632056F3A3004780C5 /* Main.storyboard */,
				2B6152662056F3A4004780C5 /* Assets.xcassets */,
				2B6152682056F3A4004780C5 /* LaunchScreen.storyboard */,
				2B61526B2056F3A5004780C5 /* Info.plist */,
				2B33012D20571EF40014C8AE /* MapOverlayViewController.swift */,
				2B33012F205722460014C8AE /* ImageOverlay.swift */,
			);
			path = Walkr;
			sourceTree = "<group>";
		};
		2B6152732056F3A5004780C5 /* WalkrTests */ = {
			isa = PBXGroup;
			children = (
				2B6152742056F3A6004780C5 /* WalkrTests.swift */,
				2B6152762056F3A6004780C5 /* Info.plist */,
			);
			path = WalkrTests;
			sourceTree = "<group>";
		};
		2B61527E2056F3A6004780C5 /* WalkrUITests */ = {
			isa = PBXGroup;
			children = (
				2B61527F2056F3A6004780C5 /* WalkrUITests.swift */,
				2B6152812056F3A6004780C5 /* Info.plist */,
			);
			path = WalkrUITests;
			sourceTree = "<group>";
		};
		80F001BC1919A19A53953A03 /* Pods */ = {
			isa = PBXGroup;
			children = (
				7F38C07AF7E87C4D9752B3A0 /* Pods-Walkr.debug.xcconfig */,
				614269BF53C2270E5B6FDF91 /* Pods-Walkr.release.xcconfig */,
				DE45B6739AEBEC942F67BDD2 /* Pods-WalkrTests.debug.xcconfig */,
				431004E0DE9510D4AD99FFE1 /* Pods-WalkrTests.release.xcconfig */,
				C166B18D527A01A405434AEF /* Pods-WalkrUITests.debug.xcconfig */,
				4AC0AD21F32CBC4F62C33E88 /* Pods-WalkrUITests.release.xcconfig */,
			);
			name = Pods;
			sourceTree = "<group>";
		};
/* End PBXGroup section */

/* Begin PBXNativeTarget section */
		2B61525B2056F39E004780C5 /* Walkr */ = {
			isa = PBXNativeTarget;
			buildConfigurationList = 2B6152842056F3A7004780C5 /* Build configuration list for PBXNativeTarget "Walkr" */;
			buildPhases = (
				53B113E89ADCEA23C22928F0 /* [CP] Check Pods Manifest.lock */,
				2B6152582056F39E004780C5 /* Sources */,
				2B6152592056F39E004780C5 /* Frameworks */,
				2B61525A2056F39E004780C5 /* Resources */,
				3977CA493ED8148C944C40E3 /* [CP] Embed Pods Frameworks */,
			);
			buildRules = (
			);
			dependencies = (
			);
			name = Walkr;
			productName = Walkr;
			productReference = 2B61525C2056F39F004780C5 /* Walkr.app */;
			productType = "com.apple.product-type.application";
		};
		2B61526F2056F3A5004780C5 /* WalkrTests */ = {
			isa = PBXNativeTarget;
			buildConfigurationList = 2B6152872056F3A7004780C5 /* Build configuration list for PBXNativeTarget "WalkrTests" */;
			buildPhases = (
				6C842C04BB7DEAA382F06A19 /* [CP] Check Pods Manifest.lock */,
				2B61526C2056F3A5004780C5 /* Sources */,
				2B61526D2056F3A5004780C5 /* Frameworks */,
				2B61526E2056F3A5004780C5 /* Resources */,
			);
			buildRules = (
			);
			dependencies = (
				2B6152722056F3A5004780C5 /* PBXTargetDependency */,
			);
			name = WalkrTests;
			productName = WalkrTests;
			productReference = 2B6152702056F3A5004780C5 /* WalkrTests.xctest */;
			productType = "com.apple.product-type.bundle.unit-test";
		};
		2B61527A2056F3A6004780C5 /* WalkrUITests */ = {
			isa = PBXNativeTarget;
			buildConfigurationList = 2B61528A2056F3A7004780C5 /* Build configuration list for PBXNativeTarget "WalkrUITests" */;
			buildPhases = (
				9FB8ECBBCB08F5F71EC0D170 /* [CP] Check Pods Manifest.lock */,
				2B6152772056F3A6004780C5 /* Sources */,
				2B6152782056F3A6004780C5 /* Frameworks */,
				2B6152792056F3A6004780C5 /* Resources */,
			);
			buildRules = (
			);
			dependencies = (
				2B61527D2056F3A6004780C5 /* PBXTargetDependency */,
			);
			name = WalkrUITests;
			productName = WalkrUITests;
			productReference = 2B61527B2056F3A6004780C5 /* WalkrUITests.xctest */;
			productType = "com.apple.product-type.bundle.ui-testing";
		};
/* End PBXNativeTarget section */

/* Begin PBXProject section */
		2B6152542056F39D004780C5 /* Project object */ = {
			isa = PBXProject;
			attributes = {
				LastSwiftUpdateCheck = 0920;
				LastUpgradeCheck = 0920;
				ORGANIZATIONNAME = "Wim Van Renterghem";
				TargetAttributes = {
					2B61525B2056F39E004780C5 = {
						CreatedOnToolsVersion = 9.2;
						ProvisioningStyle = Automatic;
					};
					2B61526F2056F3A5004780C5 = {
						CreatedOnToolsVersion = 9.2;
						ProvisioningStyle = Automatic;
						TestTargetID = 2B61525B2056F39E004780C5;
					};
					2B61527A2056F3A6004780C5 = {
						CreatedOnToolsVersion = 9.2;
						ProvisioningStyle = Automatic;
						TestTargetID = 2B61525B2056F39E004780C5;
					};
				};
			};
			buildConfigurationList = 2B6152572056F39D004780C5 /* Build configuration list for PBXProject "Walkr" */;
			compatibilityVersion = "Xcode 8.0";
			developmentRegion = en;
			hasScannedForEncodings = 0;
			knownRegions = (
				en,
				Base,
			);
			mainGroup = 2B6152532056F39C004780C5;
			productRefGroup = 2B61525D2056F39F004780C5 /* Products */;
			projectDirPath = "";
			projectRoot = "";
			targets = (
				2B61525B2056F39E004780C5 /* Walkr */,
				2B61526F2056F3A5004780C5 /* WalkrTests */,
				2B61527A2056F3A6004780C5 /* WalkrUITests */,
			);
		};
/* End PBXProject section */

/* Begin PBXResourcesBuildPhase section */
		2B61525A2056F39E004780C5 /* Resources */ = {
			isa = PBXResourcesBuildPhase;
			buildActionMask = 2147483647;
			files = (
				2B61526A2056F3A4004780C5 /* LaunchScreen.storyboard in Resources */,
				2B6152672056F3A4004780C5 /* Assets.xcassets in Resources */,
				2B6152652056F3A3004780C5 /* Main.storyboard in Resources */,
			);
			runOnlyForDeploymentPostprocessing = 0;
		};
		2B61526E2056F3A5004780C5 /* Resources */ = {
			isa = PBXResourcesBuildPhase;
			buildActionMask = 2147483647;
			files = (
			);
			runOnlyForDeploymentPostprocessing = 0;
		};
		2B6152792056F3A6004780C5 /* Resources */ = {
			isa = PBXResourcesBuildPhase;
			buildActionMask = 2147483647;
			files = (
			);
			runOnlyForDeploymentPostprocessing = 0;
		};
/* End PBXResourcesBuildPhase section */

/* Begin PBXShellScriptBuildPhase section */
		3977CA493ED8148C944C40E3 /* [CP] Embed Pods Frameworks */ = {
			isa = PBXShellScriptBuildPhase;
			buildActionMask = 2147483647;
			files = (
			);
			inputPaths = (
				"${SRCROOT}/Pods/Target Support Files/Pods-Walkr/Pods-Walkr-frameworks.sh",
				"${BUILT_PRODUCTS_DIR}/ALCameraViewController/ALCameraViewController.framework",
			);
			name = "[CP] Embed Pods Frameworks";
			outputPaths = (
				"${TARGET_BUILD_DIR}/${FRAMEWORKS_FOLDER_PATH}/ALCameraViewController.framework",
			);
			runOnlyForDeploymentPostprocessing = 0;
			shellPath = /bin/sh;
			shellScript = "\"${SRCROOT}/Pods/Target Support Files/Pods-Walkr/Pods-Walkr-frameworks.sh\"\n";
			showEnvVarsInLog = 0;
		};
		53B113E89ADCEA23C22928F0 /* [CP] Check Pods Manifest.lock */ = {
			isa = PBXShellScriptBuildPhase;
			buildActionMask = 2147483647;
			files = (
			);
			inputPaths = (
				"${PODS_PODFILE_DIR_PATH}/Podfile.lock",
				"${PODS_ROOT}/Manifest.lock",
			);
			name = "[CP] Check Pods Manifest.lock";
			outputPaths = (
				"$(DERIVED_FILE_DIR)/Pods-Walkr-checkManifestLockResult.txt",
			);
			runOnlyForDeploymentPostprocessing = 0;
			shellPath = /bin/sh;
			shellScript = "diff \"${PODS_PODFILE_DIR_PATH}/Podfile.lock\" \"${PODS_ROOT}/Manifest.lock\" > /dev/null\nif [ $? != 0 ] ; then\n    # print error to STDERR\n    echo \"error: The sandbox is not in sync with the Podfile.lock. Run 'pod install' or update your CocoaPods installation.\" >&2\n    exit 1\nfi\n# This output is used by Xcode 'outputs' to avoid re-running this script phase.\necho \"SUCCESS\" > \"${SCRIPT_OUTPUT_FILE_0}\"\n";
			showEnvVarsInLog = 0;
		};
		6C842C04BB7DEAA382F06A19 /* [CP] Check Pods Manifest.lock */ = {
			isa = PBXShellScriptBuildPhase;
			buildActionMask = 2147483647;
			files = (
			);
			inputPaths = (
				"${PODS_PODFILE_DIR_PATH}/Podfile.lock",
				"${PODS_ROOT}/Manifest.lock",
			);
			name = "[CP] Check Pods Manifest.lock";
			outputPaths = (
				"$(DERIVED_FILE_DIR)/Pods-WalkrTests-checkManifestLockResult.txt",
			);
			runOnlyForDeploymentPostprocessing = 0;
			shellPath = /bin/sh;
			shellScript = "diff \"${PODS_PODFILE_DIR_PATH}/Podfile.lock\" \"${PODS_ROOT}/Manifest.lock\" > /dev/null\nif [ $? != 0 ] ; then\n    # print error to STDERR\n    echo \"error: The sandbox is not in sync with the Podfile.lock. Run 'pod install' or update your CocoaPods installation.\" >&2\n    exit 1\nfi\n# This output is used by Xcode 'outputs' to avoid re-running this script phase.\necho \"SUCCESS\" > \"${SCRIPT_OUTPUT_FILE_0}\"\n";
			showEnvVarsInLog = 0;
		};
		9FB8ECBBCB08F5F71EC0D170 /* [CP] Check Pods Manifest.lock */ = {
			isa = PBXShellScriptBuildPhase;
			buildActionMask = 2147483647;
			files = (
			);
			inputPaths = (
				"${PODS_PODFILE_DIR_PATH}/Podfile.lock",
				"${PODS_ROOT}/Manifest.lock",
			);
			name = "[CP] Check Pods Manifest.lock";
			outputPaths = (
				"$(DERIVED_FILE_DIR)/Pods-WalkrUITests-checkManifestLockResult.txt",
			);
			runOnlyForDeploymentPostprocessing = 0;
			shellPath = /bin/sh;
			shellScript = "diff \"${PODS_PODFILE_DIR_PATH}/Podfile.lock\" \"${PODS_ROOT}/Manifest.lock\" > /dev/null\nif [ $? != 0 ] ; then\n    # print error to STDERR\n    echo \"error: The sandbox is not in sync with the Podfile.lock. Run 'pod install' or update your CocoaPods installation.\" >&2\n    exit 1\nfi\n# This output is used by Xcode 'outputs' to avoid re-running this script phase.\necho \"SUCCESS\" > \"${SCRIPT_OUTPUT_FILE_0}\"\n";
			showEnvVarsInLog = 0;
		};
/* End PBXShellScriptBuildPhase section */

/* Begin PBXSourcesBuildPhase section */
		2B6152582056F39E004780C5 /* Sources */ = {
			isa = PBXSourcesBuildPhase;
			buildActionMask = 2147483647;
			files = (
				2B33012E20571EF40014C8AE /* MapOverlayViewController.swift in Sources */,
				2B6152622056F3A3004780C5 /* ViewController.swift in Sources */,
				2B330130205722460014C8AE /* ImageOverlay.swift in Sources */,
				2B6152602056F3A3004780C5 /* AppDelegate.swift in Sources */,
			);
			runOnlyForDeploymentPostprocessing = 0;
		};
		2B61526C2056F3A5004780C5 /* Sources */ = {
			isa = PBXSourcesBuildPhase;
			buildActionMask = 2147483647;
			files = (
				2B6152752056F3A6004780C5 /* WalkrTests.swift in Sources */,
			);
			runOnlyForDeploymentPostprocessing = 0;
		};
		2B6152772056F3A6004780C5 /* Sources */ = {
			isa = PBXSourcesBuildPhase;
			buildActionMask = 2147483647;
			files = (
				2B6152802056F3A6004780C5 /* WalkrUITests.swift in Sources */,
			);
			runOnlyForDeploymentPostprocessing = 0;
		};
/* End PBXSourcesBuildPhase section */

/* Begin PBXTargetDependency section */
		2B6152722056F3A5004780C5 /* PBXTargetDependency */ = {
			isa = PBXTargetDependency;
			target = 2B61525B2056F39E004780C5 /* Walkr */;
			targetProxy = 2B6152712056F3A5004780C5 /* PBXContainerItemProxy */;
		};
		2B61527D2056F3A6004780C5 /* PBXTargetDependency */ = {
			isa = PBXTargetDependency;
			target = 2B61525B2056F39E004780C5 /* Walkr */;
			targetProxy = 2B61527C2056F3A6004780C5 /* PBXContainerItemProxy */;
		};
/* End PBXTargetDependency section */

/* Begin PBXVariantGroup section */
		2B6152632056F3A3004780C5 /* Main.storyboard */ = {
			isa = PBXVariantGroup;
			children = (
				2B6152642056F3A3004780C5 /* Base */,
			);
			name = Main.storyboard;
			sourceTree = "<group>";
		};
		2B6152682056F3A4004780C5 /* LaunchScreen.storyboard */ = {
			isa = PBXVariantGroup;
			children = (
				2B6152692056F3A4004780C5 /* Base */,
			);
			name = LaunchScreen.storyboard;
			sourceTree = "<group>";
		};
/* End PBXVariantGroup section */

/* Begin XCBuildConfiguration section */
		2B6152822056F3A6004780C5 /* Debug */ = {
			isa = XCBuildConfiguration;
			buildSettings = {
				ALWAYS_SEARCH_USER_PATHS = NO;
				CLANG_ANALYZER_NONNULL = YES;
				CLANG_ANALYZER_NUMBER_OBJECT_CONVERSION = YES_AGGRESSIVE;
				CLANG_CXX_LANGUAGE_STANDARD = "gnu++14";
				CLANG_CXX_LIBRARY = "libc++";
				CLANG_ENABLE_MODULES = YES;
				CLANG_ENABLE_OBJC_ARC = YES;
				CLANG_WARN_BLOCK_CAPTURE_AUTORELEASING = YES;
				CLANG_WARN_BOOL_CONVERSION = YES;
				CLANG_WARN_COMMA = YES;
				CLANG_WARN_CONSTANT_CONVERSION = YES;
				CLANG_WARN_DIRECT_OBJC_ISA_USAGE = YES_ERROR;
				CLANG_WARN_DOCUMENTATION_COMMENTS = YES;
				CLANG_WARN_EMPTY_BODY = YES;
				CLANG_WARN_ENUM_CONVERSION = YES;
				CLANG_WARN_INFINITE_RECURSION = YES;
				CLANG_WARN_INT_CONVERSION = YES;
				CLANG_WARN_NON_LITERAL_NULL_CONVERSION = YES;
				CLANG_WARN_OBJC_LITERAL_CONVERSION = YES;
				CLANG_WARN_OBJC_ROOT_CLASS = YES_ERROR;
				CLANG_WARN_RANGE_LOOP_ANALYSIS = YES;
				CLANG_WARN_STRICT_PROTOTYPES = YES;
				CLANG_WARN_SUSPICIOUS_MOVE = YES;
				CLANG_WARN_UNGUARDED_AVAILABILITY = YES_AGGRESSIVE;
				CLANG_WARN_UNREACHABLE_CODE = YES;
				CLANG_WARN__DUPLICATE_METHOD_MATCH = YES;
				CODE_SIGN_IDENTITY = "iPhone Developer";
				COPY_PHASE_STRIP = NO;
				DEBUG_INFORMATION_FORMAT = dwarf;
				ENABLE_STRICT_OBJC_MSGSEND = YES;
				ENABLE_TESTABILITY = YES;
				GCC_C_LANGUAGE_STANDARD = gnu11;
				GCC_DYNAMIC_NO_PIC = NO;
				GCC_NO_COMMON_BLOCKS = YES;
				GCC_OPTIMIZATION_LEVEL = 0;
				GCC_PREPROCESSOR_DEFINITIONS = (
					"DEBUG=1",
					"$(inherited)",
				);
				GCC_WARN_64_TO_32_BIT_CONVERSION = YES;
				GCC_WARN_ABOUT_RETURN_TYPE = YES_ERROR;
				GCC_WARN_UNDECLARED_SELECTOR = YES;
				GCC_WARN_UNINITIALIZED_AUTOS = YES_AGGRESSIVE;
				GCC_WARN_UNUSED_FUNCTION = YES;
				GCC_WARN_UNUSED_VARIABLE = YES;
				IPHONEOS_DEPLOYMENT_TARGET = 11.2;
				MTL_ENABLE_DEBUG_INFO = YES;
				ONLY_ACTIVE_ARCH = YES;
				SDKROOT = iphoneos;
				SWIFT_ACTIVE_COMPILATION_CONDITIONS = DEBUG;
				SWIFT_OPTIMIZATION_LEVEL = "-Onone";
			};
			name = Debug;
		};
		2B6152832056F3A6004780C5 /* Release */ = {
			isa = XCBuildConfiguration;
			buildSettings = {
				ALWAYS_SEARCH_USER_PATHS = NO;
				CLANG_ANALYZER_NONNULL = YES;
				CLANG_ANALYZER_NUMBER_OBJECT_CONVERSION = YES_AGGRESSIVE;
				CLANG_CXX_LANGUAGE_STANDARD = "gnu++14";
				CLANG_CXX_LIBRARY = "libc++";
				CLANG_ENABLE_MODULES = YES;
				CLANG_ENABLE_OBJC_ARC = YES;
				CLANG_WARN_BLOCK_CAPTURE_AUTORELEASING = YES;
				CLANG_WARN_BOOL_CONVERSION = YES;
				CLANG_WARN_COMMA = YES;
				CLANG_WARN_CONSTANT_CONVERSION = YES;
				CLANG_WARN_DIRECT_OBJC_ISA_USAGE = YES_ERROR;
				CLANG_WARN_DOCUMENTATION_COMMENTS = YES;
				CLANG_WARN_EMPTY_BODY = YES;
				CLANG_WARN_ENUM_CONVERSION = YES;
				CLANG_WARN_INFINITE_RECURSION = YES;
				CLANG_WARN_INT_CONVERSION = YES;
				CLANG_WARN_NON_LITERAL_NULL_CONVERSION = YES;
				CLANG_WARN_OBJC_LITERAL_CONVERSION = YES;
				CLANG_WARN_OBJC_ROOT_CLASS = YES_ERROR;
				CLANG_WARN_RANGE_LOOP_ANALYSIS = YES;
				CLANG_WARN_STRICT_PROTOTYPES = YES;
				CLANG_WARN_SUSPICIOUS_MOVE = YES;
				CLANG_WARN_UNGUARDED_AVAILABILITY = YES_AGGRESSIVE;
				CLANG_WARN_UNREACHABLE_CODE = YES;
				CLANG_WARN__DUPLICATE_METHOD_MATCH = YES;
				CODE_SIGN_IDENTITY = "iPhone Developer";
				COPY_PHASE_STRIP = NO;
				DEBUG_INFORMATION_FORMAT = "dwarf-with-dsym";
				ENABLE_NS_ASSERTIONS = NO;
				ENABLE_STRICT_OBJC_MSGSEND = YES;
				GCC_C_LANGUAGE_STANDARD = gnu11;
				GCC_NO_COMMON_BLOCKS = YES;
				GCC_WARN_64_TO_32_BIT_CONVERSION = YES;
				GCC_WARN_ABOUT_RETURN_TYPE = YES_ERROR;
				GCC_WARN_UNDECLARED_SELECTOR = YES;
				GCC_WARN_UNINITIALIZED_AUTOS = YES_AGGRESSIVE;
				GCC_WARN_UNUSED_FUNCTION = YES;
				GCC_WARN_UNUSED_VARIABLE = YES;
				IPHONEOS_DEPLOYMENT_TARGET = 11.2;
				MTL_ENABLE_DEBUG_INFO = NO;
				SDKROOT = iphoneos;
				SWIFT_OPTIMIZATION_LEVEL = "-Owholemodule";
				VALIDATE_PRODUCT = YES;
			};
			name = Release;
		};
		2B6152852056F3A7004780C5 /* Debug */ = {
			isa = XCBuildConfiguration;
			baseConfigurationReference = 7F38C07AF7E87C4D9752B3A0 /* Pods-Walkr.debug.xcconfig */;
			buildSettings = {
				ASSETCATALOG_COMPILER_APPICON_NAME = AppIcon;
				"CODE_SIGN_IDENTITY[sdk=iphoneos*]" = "iPhone Developer";
				CODE_SIGN_STYLE = Automatic;
				DEVELOPMENT_TEAM = 23DKY2SA2G;
				INFOPLIST_FILE = Walkr/Info.plist;
				LD_RUNPATH_SEARCH_PATHS = "$(inherited) @executable_path/Frameworks";
				PRODUCT_BUNDLE_IDENTIFIER = be.vrwim.walkr;
				PRODUCT_NAME = "$(TARGET_NAME)";
				PROVISIONING_PROFILE_SPECIFIER = "";
				SWIFT_VERSION = 4.0;
				TARGETED_DEVICE_FAMILY = "1,2";
			};
			name = Debug;
		};
		2B6152862056F3A7004780C5 /* Release */ = {
			isa = XCBuildConfiguration;
			baseConfigurationReference = 614269BF53C2270E5B6FDF91 /* Pods-Walkr.release.xcconfig */;
			buildSettings = {
				ASSETCATALOG_COMPILER_APPICON_NAME = AppIcon;
				"CODE_SIGN_IDENTITY[sdk=iphoneos*]" = "iPhone Developer";
				CODE_SIGN_STYLE = Automatic;
				DEVELOPMENT_TEAM = 23DKY2SA2G;
				INFOPLIST_FILE = Walkr/Info.plist;
				LD_RUNPATH_SEARCH_PATHS = "$(inherited) @executable_path/Frameworks";
				PRODUCT_BUNDLE_IDENTIFIER = be.vrwim.walkr;
				PRODUCT_NAME = "$(TARGET_NAME)";
				PROVISIONING_PROFILE_SPECIFIER = "";
				SWIFT_VERSION = 4.0;
				TARGETED_DEVICE_FAMILY = "1,2";
			};
			name = Release;
		};
		2B6152882056F3A7004780C5 /* Debug */ = {
			isa = XCBuildConfiguration;
			baseConfigurationReference = DE45B6739AEBEC942F67BDD2 /* Pods-WalkrTests.debug.xcconfig */;
			buildSettings = {
				ALWAYS_EMBED_SWIFT_STANDARD_LIBRARIES = YES;
				BUNDLE_LOADER = "$(TEST_HOST)";
				CODE_SIGN_STYLE = Automatic;
				INFOPLIST_FILE = WalkrTests/Info.plist;
				LD_RUNPATH_SEARCH_PATHS = "$(inherited) @executable_path/Frameworks @loader_path/Frameworks";
				PRODUCT_BUNDLE_IDENTIFIER = com.vrwim.WalkrTests;
				PRODUCT_NAME = "$(TARGET_NAME)";
				SWIFT_VERSION = 4.0;
				TARGETED_DEVICE_FAMILY = "1,2";
				TEST_HOST = "$(BUILT_PRODUCTS_DIR)/Walkr.app/Walkr";
			};
			name = Debug;
		};
		2B6152892056F3A7004780C5 /* Release */ = {
			isa = XCBuildConfiguration;
			baseConfigurationReference = 431004E0DE9510D4AD99FFE1 /* Pods-WalkrTests.release.xcconfig */;
			buildSettings = {
				ALWAYS_EMBED_SWIFT_STANDARD_LIBRARIES = YES;
				BUNDLE_LOADER = "$(TEST_HOST)";
				CODE_SIGN_STYLE = Automatic;
				INFOPLIST_FILE = WalkrTests/Info.plist;
				LD_RUNPATH_SEARCH_PATHS = "$(inherited) @executable_path/Frameworks @loader_path/Frameworks";
				PRODUCT_BUNDLE_IDENTIFIER = com.vrwim.WalkrTests;
				PRODUCT_NAME = "$(TARGET_NAME)";
				SWIFT_VERSION = 4.0;
				TARGETED_DEVICE_FAMILY = "1,2";
				TEST_HOST = "$(BUILT_PRODUCTS_DIR)/Walkr.app/Walkr";
			};
			name = Release;
		};
		2B61528B2056F3A7004780C5 /* Debug */ = {
			isa = XCBuildConfiguration;
			baseConfigurationReference = C166B18D527A01A405434AEF /* Pods-WalkrUITests.debug.xcconfig */;
			buildSettings = {
				ALWAYS_EMBED_SWIFT_STANDARD_LIBRARIES = YES;
				CODE_SIGN_STYLE = Automatic;
				INFOPLIST_FILE = WalkrUITests/Info.plist;
				LD_RUNPATH_SEARCH_PATHS = "$(inherited) @executable_path/Frameworks @loader_path/Frameworks";
				PRODUCT_BUNDLE_IDENTIFIER = com.vrwim.WalkrUITests;
				PRODUCT_NAME = "$(TARGET_NAME)";
				SWIFT_VERSION = 4.0;
				TARGETED_DEVICE_FAMILY = "1,2";
				TEST_TARGET_NAME = Walkr;
			};
			name = Debug;
		};
		2B61528C2056F3A7004780C5 /* Release */ = {
			isa = XCBuildConfiguration;
			baseConfigurationReference = 4AC0AD21F32CBC4F62C33E88 /* Pods-WalkrUITests.release.xcconfig */;
			buildSettings = {
				ALWAYS_EMBED_SWIFT_STANDARD_LIBRARIES = YES;
				CODE_SIGN_STYLE = Automatic;
				INFOPLIST_FILE = WalkrUITests/Info.plist;
				LD_RUNPATH_SEARCH_PATHS = "$(inherited) @executable_path/Frameworks @loader_path/Frameworks";
				PRODUCT_BUNDLE_IDENTIFIER = com.vrwim.WalkrUITests;
				PRODUCT_NAME = "$(TARGET_NAME)";
				SWIFT_VERSION = 4.0;
				TARGETED_DEVICE_FAMILY = "1,2";
				TEST_TARGET_NAME = Walkr;
			};
			name = Release;
		};
/* End XCBuildConfiguration section */

/* Begin XCConfigurationList section */
		2B6152572056F39D004780C5 /* Build configuration list for PBXProject "Walkr" */ = {
			isa = XCConfigurationList;
			buildConfigurations = (
				2B6152822056F3A6004780C5 /* Debug */,
				2B6152832056F3A6004780C5 /* Release */,
			);
			defaultConfigurationIsVisible = 0;
			defaultConfigurationName = Release;
		};
		2B6152842056F3A7004780C5 /* Build configuration list for PBXNativeTarget "Walkr" */ = {
			isa = XCConfigurationList;
			buildConfigurations = (
				2B6152852056F3A7004780C5 /* Debug */,
				2B6152862056F3A7004780C5 /* Release */,
			);
			defaultConfigurationIsVisible = 0;
			defaultConfigurationName = Release;
		};
		2B6152872056F3A7004780C5 /* Build configuration list for PBXNativeTarget "WalkrTests" */ = {
			isa = XCConfigurationList;
			buildConfigurations = (
				2B6152882056F3A7004780C5 /* Debug */,
				2B6152892056F3A7004780C5 /* Release */,
			);
			defaultConfigurationIsVisible = 0;
			defaultConfigurationName = Release;
		};
		2B61528A2056F3A7004780C5 /* Build configuration list for PBXNativeTarget "WalkrUITests" */ = {
			isa = XCConfigurationList;
			buildConfigurations = (
				2B61528B2056F3A7004780C5 /* Debug */,
				2B61528C2056F3A7004780C5 /* Release */,
			);
			defaultConfigurationIsVisible = 0;
			defaultConfigurationName = Release;
		};
/* End XCConfigurationList section */
	};
	rootObject = 2B6152542056F39D004780C5 /* Project object */;
}
